
Microsoft Visual Studio Solution File, Format Version 12.00
# Visual Studio 14
VisualStudioVersion = 14.0.23107.0
MinimumVisualStudioVersion = 10.0.40219.1
Project("{FAE04EC0-301F-11D3-BF4B-00C04F79EFBC}") = "Imulink", "CSVC\Imulink.csproj", "{9C52524B-2D29-44C9-AC82-4E1DA235A8BF}"
EndProject
Project("{FAE04EC0-301F-11D3-BF4B-00C04F79EFBC}") = "SamSeifert.HueChooser", "..\SamSeifert.HueChooser\SamSeifert.HueChooser\SamSeifert.HueChooser.csproj", "{549EEBCD-5E5B-42C0-83A9-E471C7D316DC}"
EndProject
Project("{FAE04EC0-301F-11D3-BF4B-00C04F79EFBC}") = "SamSeifert.GlobalEvents", "..\SamSeifert.GlobalEvent\SamSeifert.GlobalEvent\SamSeifert.GlobalEvents.csproj", "{9B8D2FBB-0305-4DF6-A090-DB590DA3659A}"
EndProject
Project("{FAE04EC0-301F-11D3-BF4B-00C04F79EFBC}") = "SamSeifert.CSCV", "..\SamSeifert.CSCV\SamSeifert.CSCV.csproj", "{A52E8045-E20A-4898-8D14-44885524EA05}"
EndProject
Global
	GlobalSection(SolutionConfigurationPlatforms) = preSolution
		Debug|Any CPU = Debug|Any CPU
		Debug|x64 = Debug|x64
		Debug|x86 = Debug|x86
		Release|Any CPU = Release|Any CPU
		Release|x64 = Release|x64
		Release|x86 = Release|x86
	EndGlobalSection
	GlobalSection(ProjectConfigurationPlatforms) = postSolution
		{9C52524B-2D29-44C9-AC82-4E1DA235A8BF}.Debug|Any CPU.ActiveCfg = Debug|Any CPU
		{9C52524B-2D29-44C9-AC82-4E1DA235A8BF}.Debug|Any CPU.Build.0 = Debug|Any CPU
		{9C52524B-2D29-44C9-AC82-4E1DA235A8BF}.Debug|x64.ActiveCfg = Debug|x64
		{9C52524B-2D29-44C9-AC82-4E1DA235A8BF}.Debug|x64.Build.0 = Debug|x64
		{9C52524B-2D29-44C9-AC82-4E1DA235A8BF}.Debug|x86.ActiveCfg = Debug|x86
		{9C52524B-2D29-44C9-AC82-4E1DA235A8BF}.Debug|x86.Build.0 = Debug|x86
		{9C52524B-2D29-44C9-AC82-4E1DA235A8BF}.Release|Any CPU.ActiveCfg = Release|Any CPU
		{9C52524B-2D29-44C9-AC82-4E1DA235A8BF}.Release|Any CPU.Build.0 = Release|Any CPU
		{9C52524B-2D29-44C9-AC82-4E1DA235A8BF}.Release|x64.ActiveCfg = Release|x64
		{9C52524B-2D29-44C9-AC82-4E1DA235A8BF}.Release|x64.Build.0 = Release|x64
		{9C52524B-2D29-44C9-AC82-4E1DA235A8BF}.Release|x86.ActiveCfg = Release|x86
		{9C52524B-2D29-44C9-AC82-4E1DA235A8BF}.Release|x86.Build.0 = Release|x86
		{549EEBCD-5E5B-42C0-83A9-E471C7D316DC}.Debug|Any CPU.ActiveCfg = Debug|Any CPU
		{549EEBCD-5E5B-42C0-83A9-E471C7D316DC}.Debug|Any CPU.Build.0 = Debug|Any CPU
		{549EEBCD-5E5B-42C0-83A9-E471C7D316DC}.Debug|x64.ActiveCfg = Debug|x64
		{549EEBCD-5E5B-42C0-83A9-E471C7D316DC}.Debug|x64.Build.0 = Debug|x64
		{549EEBCD-5E5B-42C0-83A9-E471C7D316DC}.Debug|x86.ActiveCfg = Debug|x86
		{549EEBCD-5E5B-42C0-83A9-E471C7D316DC}.Debug|x86.Build.0 = Debug|x86
		{549EEBCD-5E5B-42C0-83A9-E471C7D316DC}.Release|Any CPU.ActiveCfg = Release|Any CPU
		{549EEBCD-5E5B-42C0-83A9-E471C7D316DC}.Release|Any CPU.Build.0 = Release|Any CPU
		{549EEBCD-5E5B-42C0-83A9-E471C7D316DC}.Release|x64.ActiveCfg = Release|x64
		{549EEBCD-5E5B-42C0-83A9-E471C7D316DC}.Release|x64.Build.0 = Release|x64
		{549EEBCD-5E5B-42C0-83A9-E471C7D316DC}.Release|x86.ActiveCfg = Release|x86
		{549EEBCD-5E5B-42C0-83A9-E471C7D316DC}.Release|x86.Build.0 = Release|x86
		{9B8D2FBB-0305-4DF6-A090-DB590DA3659A}.Debug|Any CPU.ActiveCfg = Debug|Any CPU
		{9B8D2FBB-0305-4DF6-A090-DB590DA3659A}.Debug|Any CPU.Build.0 = Debug|Any CPU
		{9B8D2FBB-0305-4DF6-A090-DB590DA3659A}.Debug|x64.ActiveCfg = Debug|x64
		{9B8D2FBB-0305-4DF6-A090-DB590DA3659A}.Debug|x64.Build.0 = Debug|x64
		{9B8D2FBB-0305-4DF6-A090-DB590DA3659A}.Debug|x86.ActiveCfg = Debug|x86
		{9B8D2FBB-0305-4DF6-A090-DB590DA3659A}.Debug|x86.Build.0 = Debug|x86
		{9B8D2FBB-0305-4DF6-A090-DB590DA3659A}.Release|Any CPU.ActiveCfg = Release|Any CPU
		{9B8D2FBB-0305-4DF6-A090-DB590DA3659A}.Release|Any CPU.Build.0 = Release|Any CPU
		{9B8D2FBB-0305-4DF6-A090-DB590DA3659A}.Release|x64.ActiveCfg = Release|x64
		{9B8D2FBB-0305-4DF6-A090-DB590DA3659A}.Release|x64.Build.0 = Release|x64
		{9B8D2FBB-0305-4DF6-A090-DB590DA3659A}.Release|x86.ActiveCfg = Release|x86
		{9B8D2FBB-0305-4DF6-A090-DB590DA3659A}.Release|x86.Build.0 = Release|x86
		{A52E8045-E20A-4898-8D14-44885524EA05}.Debug|Any CPU.ActiveCfg = Debug|Any CPU
		{A52E8045-E20A-4898-8D14-44885524EA05}.Debug|Any CPU.Build.0 = Debug|Any CPU
		{A52E8045-E20A-4898-8D14-44885524EA05}.Debug|x64.ActiveCfg = Debug|x64
		{A52E8045-E20A-4898-8D14-44885524EA05}.Debug|x64.Build.0 = Debug|x64
		{A52E8045-E20A-4898-8D14-44885524EA05}.Debug|x86.ActiveCfg = Debug|x86
		{A52E8045-E20A-4898-8D14-44885524EA05}.Debug|x86.Build.0 = Debug|x86
		{A52E8045-E20A-4898-8D14-44885524EA05}.Release|Any CPU.ActiveCfg = Release|Any CPU
		{A52E8045-E20A-4898-8D14-44885524EA05}.Release|Any CPU.Build.0 = Release|Any CPU
		{A52E8045-E20A-4898-8D14-44885524EA05}.Release|x64.ActiveCfg = Release|x64
		{A52E8045-E20A-4898-8D14-44885524EA05}.Release|x64.Build.0 = Release|x64
		{A52E8045-E20A-4898-8D14-44885524EA05}.Release|x86.ActiveCfg = Release|x86
		{A52E8045-E20A-4898-8D14-44885524EA05}.Release|x86.Build.0 = Release|x86
	EndGlobalSection
	GlobalSection(SolutionProperties) = preSolution
		HideSolutionNode = FALSE
	EndGlobalSection
EndGlobal
